{
  "name": "samyakkumar",
  "version": "1.0.0",
  "lockfileVersion": 1,
  "requires": true,
  "dependencies": {
    "react-p5-wrapper": {
      "version": "1.2.1",
      "resolved": "https://registry.npmjs.org/react-p5-wrapper/-/react-p5-wrapper-1.2.1.tgz",
      "integrity": "sha512-EEqTd9RLSimiikVsVJru8tviMAkvoYaHPYAYqArsqk1yaSofOxkfgkDDLkgYKkXebHJd5hjVrNPwiqbuGN/I2Q=="
    }
  }
}
